// !$*UTF8*$!
{
	archiveVersion = 1;
	classes = {
	};
	objectVersion = 50;
	objects = {

/* Begin PBXBuildFile section */
		71480BDD25199AC20079A146 /* AppDelegate.swift in Sources */ = {isa = PBXBuildFile; fileRef = 71480BDC25199AC20079A146 /* AppDelegate.swift */; };
		71480BDF25199AC20079A146 /* SceneDelegate.swift in Sources */ = {isa = PBXBuildFile; fileRef = 71480BDE25199AC20079A146 /* SceneDelegate.swift */; };
		71480BE125199AC20079A146 /* ViewController.swift in Sources */ = {isa = PBXBuildFile; fileRef = 71480BE025199AC20079A146 /* ViewController.swift */; };
		71480BE425199AC20079A146 /* Main.storyboard in Resources */ = {isa = PBXBuildFile; fileRef = 71480BE225199AC20079A146 /* Main.storyboard */; };
		71480BE625199AC30079A146 /* Assets.xcassets in Resources */ = {isa = PBXBuildFile; fileRef = 71480BE525199AC30079A146 /* Assets.xcassets */; };
		71480BE925199AC30079A146 /* LaunchScreen.storyboard in Resources */ = {isa = PBXBuildFile; fileRef = 71480BE725199AC30079A146 /* LaunchScreen.storyboard */; };
		71480BF425199AC30079A146 /* TableViewLab2Tests.swift in Sources */ = {isa = PBXBuildFile; fileRef = 71480BF325199AC30079A146 /* TableViewLab2Tests.swift */; };
		71480BFF25199AC30079A146 /* TableViewLab2UITests.swift in Sources */ = {isa = PBXBuildFile; fileRef = 71480BFE25199AC30079A146 /* TableViewLab2UITests.swift */; };
/* End PBXBuildFile section */

/* Begin PBXContainerItemProxy section */
		71480BF025199AC30079A146 /* PBXContainerItemProxy */ = {
			isa = PBXContainerItemProxy;
			containerPortal = 71480BD125199AC20079A146 /* Project object */;
			proxyType = 1;
			remoteGlobalIDString = 71480BD825199AC20079A146;
			remoteInfo = TableViewLab2;
		};
		71480BFB25199AC30079A146 /* PBXContainerItemProxy */ = {
			isa = PBXContainerItemProxy;
			containerPortal = 71480BD125199AC20079A146 /* Project object */;
			proxyType = 1;
			remoteGlobalIDString = 71480BD825199AC20079A146;
			remoteInfo = TableViewLab2;
		};
/* End PBXContainerItemProxy section */

/* Begin PBXFileReference section */
		71480BD925199AC20079A146 /* TableViewLab2.app */ = {isa = PBXFileReference; explicitFileType = wrapper.application; includeInIndex = 0; path = TableViewLab2.app; sourceTree = BUILT_PRODUCTS_DIR; };
		71480BDC25199AC20079A146 /* AppDelegate.swift */ = {isa = PBXFileReference; lastKnownFileType = sourcecode.swift; path = AppDelegate.swift; sourceTree = "<group>"; };
		71480BDE25199AC20079A146 /* SceneDelegate.swift */ = {isa = PBXFileReference; lastKnownFileType = sourcecode.swift; path = SceneDelegate.swift; sourceTree = "<group>"; };
		71480BE025199AC20079A146 /* ViewController.swift */ = {isa = PBXFileReference; lastKnownFileType = sourcecode.swift; path = ViewController.swift; sourceTree = "<group>"; };
		71480BE325199AC20079A146 /* Base */ = {isa = PBXFileReference; lastKnownFileType = file.storyboard; name = Base; path = Base.lproj/Main.storyboard; sourceTree = "<group>"; };
		71480BE525199AC30079A146 /* Assets.xcassets */ = {isa = PBXFileReference; lastKnownFileType = folder.assetcatalog; path = Assets.xcassets; sourceTree = "<group>"; };
		71480BE825199AC30079A146 /* Base */ = {isa = PBXFileReference; lastKnownFileType = file.storyboard; name = Base; path = Base.lproj/LaunchScreen.storyboard; sourceTree = "<group>"; };
		71480BEA25199AC30079A146 /* Info.plist */ = {isa = PBXFileReference; lastKnownFileType = text.plist.xml; path = Info.plist; sourceTree = "<group>"; };
		71480BEF25199AC30079A146 /* TableViewLab2Tests.xctest */ = {isa = PBXFileReference; explicitFileType = wrapper.cfbundle; includeInIndex = 0; path = TableViewLab2Tests.xctest; sourceTree = BUILT_PRODUCTS_DIR; };
		71480BF325199AC30079A146 /* TableViewLab2Tests.swift */ = {isa = PBXFileReference; lastKnownFileType = sourcecode.swift; path = TableViewLab2Tests.swift; sourceTree = "<group>"; };
		71480BF525199AC30079A146 /* Info.plist */ = {isa = PBXFileReference; lastKnownFileType = text.plist.xml; path = Info.plist; sourceTree = "<group>"; };
		71480BFA25199AC30079A146 /* TableViewLab2UITests.xctest */ = {isa = PBXFileReference; explicitFileType = wrapper.cfbundle; includeInIndex = 0; path = TableViewLab2UITests.xctest; sourceTree = BUILT_PRODUCTS_DIR; };
		71480BFE25199AC30079A146 /* TableViewLab2UITests.swift */ = {isa = PBXFileReference; lastKnownFileType = sourcecode.swift; path = TableViewLab2UITests.swift; sourceTree = "<group>"; };
		71480C0025199AC30079A146 /* Info.plist */ = {isa = PBXFileReference; lastKnownFileType = text.plist.xml; path = Info.plist; sourceTree = "<group>"; };
/* End PBXFileReference section */

/* Begin PBXFrameworksBuildPhase section */
		71480BD625199AC20079A146 /* Frameworks */ = {
			isa = PBXFrameworksBuildPhase;
			buildActionMask = 2147483647;
			files = (
			);
			runOnlyForDeploymentPostprocessing = 0;
		};
		71480BEC25199AC30079A146 /* Frameworks */ = {
			isa = PBXFrameworksBuildPhase;
			buildActionMask = 2147483647;
			files = (
			);
			runOnlyForDeploymentPostprocessing = 0;
		};
		71480BF725199AC30079A146 /* Frameworks */ = {
			isa = PBXFrameworksBuildPhase;
			buildActionMask = 2147483647;
			files = (
			);
			runOnlyForDeploymentPostprocessing = 0;
		};
/* End PBXFrameworksBuildPhase section */

/* Begin PBXGroup section */
		71480BD025199AC20079A146 = {
			isa = PBXGroup;
			children = (
				71480BDB25199AC20079A146 /* TableViewLab2 */,
				71480BF225199AC30079A146 /* TableViewLab2Tests */,
				71480BFD25199AC30079A146 /* TableViewLab2UITests */,
				71480BDA25199AC20079A146 /* Products */,
			);
			sourceTree = "<group>";
		};
		71480BDA25199AC20079A146 /* Products */ = {
			isa = PBXGroup;
			children = (
				71480BD925199AC20079A146 /* TableViewLab2.app */,
				71480BEF25199AC30079A146 /* TableViewLab2Tests.xctest */,
				71480BFA25199AC30079A146 /* TableViewLab2UITests.xctest */,
			);
			name = Products;
			sourceTree = "<group>";
		};
		71480BDB25199AC20079A146 /* TableViewLab2 */ = {
			isa = PBXGroup;
			children = (
				71480BDC25199AC20079A146 /* AppDelegate.swift */,
				71480BDE25199AC20079A146 /* SceneDelegate.swift */,
				71480BE025199AC20079A146 /* ViewController.swift */,
				71480BE225199AC20079A146 /* Main.storyboard */,
				71480BE525199AC30079A146 /* Assets.xcassets */,
				71480BE725199AC30079A146 /* LaunchScreen.storyboard */,
				71480BEA25199AC30079A146 /* Info.plist */,
			);
			path = TableViewLab2;
			sourceTree = "<group>";
		};
		71480BF225199AC30079A146 /* TableViewLab2Tests */ = {
			isa = PBXGroup;
			children = (
				71480BF325199AC30079A146 /* TableViewLab2Tests.swift */,
				71480BF525199AC30079A146 /* Info.plist */,
			);
			path = TableViewLab2Tests;
			sourceTree = "<group>";
		};
		71480BFD25199AC30079A146 /* TableViewLab2UITests */ = {
			isa = PBXGroup;
			children = (
				71480BFE25199AC30079A146 /* TableViewLab2UITests.swift */,
				71480C0025199AC30079A146 /* Info.plist */,
			);
			path = TableViewLab2UITests;
			sourceTree = "<group>";
		};
/* End PBXGroup section */

/* Begin PBXNativeTarget section */
		71480BD825199AC20079A146 /* TableViewLab2 */ = {
			isa = PBXNativeTarget;
			buildConfigurationList = 71480C0325199AC30079A146 /* Build configuration list for PBXNativeTarget "TableViewLab2" */;
			buildPhases = (
				71480BD525199AC20079A146 /* Sources */,
				71480BD625199AC20079A146 /* Frameworks */,
				71480BD725199AC20079A146 /* Resources */,
			);
			buildRules = (
			);
			dependencies = (
			);
			name = TableViewLab2;
			productName = TableViewLab2;
			productReference = 71480BD925199AC20079A146 /* TableViewLab2.app */;
			productType = "com.apple.product-type.application";
		};
		71480BEE25199AC30079A146 /* TableViewLab2Tests */ = {
			isa = PBXNativeTarget;
			buildConfigurationList = 71480C0625199AC30079A146 /* Build configuration list for PBXNativeTarget "TableViewLab2Tests" */;
			buildPhases = (
				71480BEB25199AC30079A146 /* Sources */,
				71480BEC25199AC30079A146 /* Frameworks */,
				71480BED25199AC30079A146 /* Resources */,
			);
			buildRules = (
			);
			dependencies = (
				71480BF125199AC30079A146 /* PBXTargetDependency */,
			);
			name = TableViewLab2Tests;
			productName = TableViewLab2Tests;
			productReference = 71480BEF25199AC30079A146 /* TableViewLab2Tests.xctest */;
			productType = "com.apple.product-type.bundle.unit-test";
		};
		71480BF925199AC30079A146 /* TableViewLab2UITests */ = {
			isa = PBXNativeTarget;
			buildConfigurationList = 71480C0925199AC30079A146 /* Build configuration list for PBXNativeTarget "TableViewLab2UITests" */;
			buildPhases = (
				71480BF625199AC30079A146 /* Sources */,
				71480BF725199AC30079A146 /* Frameworks */,
				71480BF825199AC30079A146 /* Resources */,
			);
			buildRules = (
			);
			dependencies = (
				71480BFC25199AC30079A146 /* PBXTargetDependency */,
			);
			name = TableViewLab2UITests;
			productName = TableViewLab2UITests;
			productReference = 71480BFA25199AC30079A146 /* TableViewLab2UITests.xctest */;
			productType = "com.apple.product-type.bundle.ui-testing";
		};
/* End PBXNativeTarget section */

/* Begin PBXProject section */
		71480BD125199AC20079A146 /* Project object */ = {
			isa = PBXProject;
			attributes = {
				LastSwiftUpdateCheck = 1200;
				LastUpgradeCheck = 1200;
				TargetAttributes = {
					71480BD825199AC20079A146 = {
						CreatedOnToolsVersion = 12.0;
					};
					71480BEE25199AC30079A146 = {
						CreatedOnToolsVersion = 12.0;
						TestTargetID = 71480BD825199AC20079A146;
					};
					71480BF925199AC30079A146 = {
						CreatedOnToolsVersion = 12.0;
						TestTargetID = 71480BD825199AC20079A146;
					};
				};
			};
			buildConfigurationList = 71480BD425199AC20079A146 /* Build configuration list for PBXProject "TableViewLab2" */;
			compatibilityVersion = "Xcode 9.3";
			developmentRegion = en;
			hasScannedForEncodings = 0;
			knownRegions = (
				en,
				Base,
			);
			mainGroup = 71480BD025199AC20079A146;
			productRefGroup = 71480BDA25199AC20079A146 /* Products */;
			projectDirPath = "";
			projectRoot = "";
			targets = (
				71480BD825199AC20079A146 /* TableViewLab2 */,
				71480BEE25199AC30079A146 /* TableViewLab2Tests */,
				71480BF925199AC30079A146 /* TableViewLab2UITests */,
			);
		};
/* End PBXProject section */

/* Begin PBXResourcesBuildPhase section */
		71480BD725199AC20079A146 /* Resources */ = {
			isa = PBXResourcesBuildPhase;
			buildActionMask = 2147483647;
			files = (
				71480BE925199AC30079A146 /* LaunchScreen.storyboard in Resources */,
				71480BE625199AC30079A146 /* Assets.xcassets in Resources */,
				71480BE425199AC20079A146 /* Main.storyboard in Resources */,
			);
			runOnlyForDeploymentPostprocessing = 0;
		};
		71480BED25199AC30079A146 /* Resources */ = {
			isa = PBXResourcesBuildPhase;
			buildActionMask = 2147483647;
			files = (
			);
			runOnlyForDeploymentPostprocessing = 0;
		};
		71480BF825199AC30079A146 /* Resources */ = {
			isa = PBXResourcesBuildPhase;
			buildActionMask = 2147483647;
			files = (
			);
			runOnlyForDeploymentPostprocessing = 0;
		};
/* End PBXResourcesBuildPhase section */

/* Begin PBXSourcesBuildPhase section */
		71480BD525199AC20079A146 /* Sources */ = {
			isa = PBXSourcesBuildPhase;
			buildActionMask = 2147483647;
			files = (
				71480BE125199AC20079A146 /* ViewController.swift in Sources */,
				71480BDD25199AC20079A146 /* AppDelegate.swift in Sources */,
				71480BDF25199AC20079A146 /* SceneDelegate.swift in Sources */,
			);
			runOnlyForDeploymentPostprocessing = 0;
		};
		71480BEB25199AC30079A146 /* Sources */ = {
			isa = PBXSourcesBuildPhase;
			buildActionMask = 2147483647;
			files = (
				71480BF425199AC30079A146 /* TableViewLab2Tests.swift in Sources */,
			);
			runOnlyForDeploymentPostprocessing = 0;
		};
		71480BF625199AC30079A146 /* Sources */ = {
			isa = PBXSourcesBuildPhase;
			buildActionMask = 2147483647;
			files = (
				71480BFF25199AC30079A146 /* TableViewLab2UITests.swift in Sources */,
			);
			runOnlyForDeploymentPostprocessing = 0;
		};
/* End PBXSourcesBuildPhase section */

/* Begin PBXTargetDependency section */
		71480BF125199AC30079A146 /* PBXTargetDependency */ = {
			isa = PBXTargetDependency;
			target = 71480BD825199AC20079A146 /* TableViewLab2 */;
			targetProxy = 71480BF025199AC30079A146 /* PBXContainerItemProxy */;
		};
		71480BFC25199AC30079A146 /* PBXTargetDependency */ = {
			isa = PBXTargetDependency;
			target = 71480BD825199AC20079A146 /* TableViewLab2 */;
			targetProxy = 71480BFB25199AC30079A146 /* PBXContainerItemProxy */;
		};
/* End PBXTargetDependency section */

/* Begin PBXVariantGroup section */
		71480BE225199AC20079A146 /* Main.storyboard */ = {
			isa = PBXVariantGroup;
			children = (
				71480BE325199AC20079A146 /* Base */,
			);
			name = Main.storyboard;
			sourceTree = "<group>";
		};
		71480BE725199AC30079A146 /* LaunchScreen.storyboard */ = {
			isa = PBXVariantGroup;
			children = (
				71480BE825199AC30079A146 /* Base */,
			);
			name = LaunchScreen.storyboard;
			sourceTree = "<group>";
		};
/* End PBXVariantGroup section */

/* Begin XCBuildConfiguration section */
		71480C0125199AC30079A146 /* Debug */ = {
			isa = XCBuildConfiguration;
			buildSettings = {
				ALWAYS_SEARCH_USER_PATHS = NO;
				CLANG_ANALYZER_NONNULL = YES;
				CLANG_ANALYZER_NUMBER_OBJECT_CONVERSION = YES_AGGRESSIVE;
				CLANG_CXX_LANGUAGE_STANDARD = "gnu++14";
				CLANG_CXX_LIBRARY = "libc++";
				CLANG_ENABLE_MODULES = YES;
				CLANG_ENABLE_OBJC_ARC = YES;
				CLANG_ENABLE_OBJC_WEAK = YES;
				CLANG_WARN_BLOCK_CAPTURE_AUTORELEASING = YES;
				CLANG_WARN_BOOL_CONVERSION = YES;
				CLANG_WARN_COMMA = YES;
				CLANG_WARN_CONSTANT_CONVERSION = YES;
				CLANG_WARN_DEPRECATED_OBJC_IMPLEMENTATIONS = YES;
				CLANG_WARN_DIRECT_OBJC_ISA_USAGE = YES_ERROR;
				CLANG_WARN_DOCUMENTATION_COMMENTS = YES;
				CLANG_WARN_EMPTY_BODY = YES;
				CLANG_WARN_ENUM_CONVERSION = YES;
				CLANG_WARN_INFINITE_RECURSION = YES;
				CLANG_WARN_INT_CONVERSION = YES;
				CLANG_WARN_NON_LITERAL_NULL_CONVERSION = YES;
				CLANG_WARN_OBJC_IMPLICIT_RETAIN_SELF = YES;
				CLANG_WARN_OBJC_LITERAL_CONVERSION = YES;
				CLANG_WARN_OBJC_ROOT_CLASS = YES_ERROR;
				CLANG_WARN_QUOTED_INCLUDE_IN_FRAMEWORK_HEADER = YES;
				CLANG_WARN_RANGE_LOOP_ANALYSIS = YES;
				CLANG_WARN_STRICT_PROTOTYPES = YES;
				CLANG_WARN_SUSPICIOUS_MOVE = YES;
				CLANG_WARN_UNGUARDED_AVAILABILITY = YES_AGGRESSIVE;
				CLANG_WARN_UNREACHABLE_CODE = YES;
				CLANG_WARN__DUPLICATE_METHOD_MATCH = YES;
				COPY_PHASE_STRIP = NO;
				DEBUG_INFORMATION_FORMAT = dwarf;
				ENABLE_STRICT_OBJC_MSGSEND = YES;
				ENABLE_TESTABILITY = YES;
				GCC_C_LANGUAGE_STANDARD = gnu11;
				GCC_DYNAMIC_NO_PIC = NO;
				GCC_NO_COMMON_BLOCKS = YES;
				GCC_OPTIMIZATION_LEVEL = 0;
				GCC_PREPROCESSOR_DEFINITIONS = (
					"DEBUG=1",
					"$(inherited)",
				);
				GCC_WARN_64_TO_32_BIT_CONVERSION = YES;
				GCC_WARN_ABOUT_RETURN_TYPE = YES_ERROR;
				GCC_WARN_UNDECLARED_SELECTOR = YES;
				GCC_WARN_UNINITIALIZED_AUTOS = YES_AGGRESSIVE;
				GCC_WARN_UNUSED_FUNCTION = YES;
				GCC_WARN_UNUSED_VARIABLE = YES;
				IPHONEOS_DEPLOYMENT_TARGET = 14.0;
				MTL_ENABLE_DEBUG_INFO = INCLUDE_SOURCE;
				MTL_FAST_MATH = YES;
				ONLY_ACTIVE_ARCH = YES;
				SDKROOT = iphoneos;
				SWIFT_ACTIVE_COMPILATION_CONDITIONS = DEBUG;
				SWIFT_OPTIMIZATION_LEVEL = "-Onone";
			};
			name = Debug;
		};
		71480C0225199AC30079A146 /* Release */ = {
			isa = XCBuildConfiguration;
			buildSettings = {
				ALWAYS_SEARCH_USER_PATHS = NO;
				CLANG_ANALYZER_NONNULL = YES;
				CLANG_ANALYZER_NUMBER_OBJECT_CONVERSION = YES_AGGRESSIVE;
				CLANG_CXX_LANGUAGE_STANDARD = "gnu++14";
				CLANG_CXX_LIBRARY = "libc++";
				CLANG_ENABLE_MODULES = YES;
				CLANG_ENABLE_OBJC_ARC = YES;
				CLANG_ENABLE_OBJC_WEAK = YES;
				CLANG_WARN_BLOCK_CAPTURE_AUTORELEASING = YES;
				CLANG_WARN_BOOL_CONVERSION = YES;
				CLANG_WARN_COMMA = YES;
				CLANG_WARN_CONSTANT_CONVERSION = YES;
				CLANG_WARN_DEPRECATED_OBJC_IMPLEMENTATIONS = YES;
				CLANG_WARN_DIRECT_OBJC_ISA_USAGE = YES_ERROR;
				CLANG_WARN_DOCUMENTATION_COMMENTS = YES;
				CLANG_WARN_EMPTY_BODY = YES;
				CLANG_WARN_ENUM_CONVERSION = YES;
				CLANG_WARN_INFINITE_RECURSION = YES;
				CLANG_WARN_INT_CONVERSION = YES;
				CLANG_WARN_NON_LITERAL_NULL_CONVERSION = YES;
				CLANG_WARN_OBJC_IMPLICIT_RETAIN_SELF = YES;
				CLANG_WARN_OBJC_LITERAL_CONVERSION = YES;
				CLANG_WARN_OBJC_ROOT_CLASS = YES_ERROR;
				CLANG_WARN_QUOTED_INCLUDE_IN_FRAMEWORK_HEADER = YES;
				CLANG_WARN_RANGE_LOOP_ANALYSIS = YES;
				CLANG_WARN_STRICT_PROTOTYPES = YES;
				CLANG_WARN_SUSPICIOUS_MOVE = YES;
				CLANG_WARN_UNGUARDED_AVAILABILITY = YES_AGGRESSIVE;
				CLANG_WARN_UNREACHABLE_CODE = YES;
				CLANG_WARN__DUPLICATE_METHOD_MATCH = YES;
				COPY_PHASE_STRIP = NO;
				DEBUG_INFORMATION_FORMAT = "dwarf-with-dsym";
				ENABLE_NS_ASSERTIONS = NO;
				ENABLE_STRICT_OBJC_MSGSEND = YES;
				GCC_C_LANGUAGE_STANDARD = gnu11;
				GCC_NO_COMMON_BLOCKS = YES;
				GCC_WARN_64_TO_32_BIT_CONVERSION = YES;
				GCC_WARN_ABOUT_RETURN_TYPE = YES_ERROR;
				GCC_WARN_UNDECLARED_SELECTOR = YES;
				GCC_WARN_UNINITIALIZED_AUTOS = YES_AGGRESSIVE;
				GCC_WARN_UNUSED_FUNCTION = YES;
				GCC_WARN_UNUSED_VARIABLE = YES;
				IPHONEOS_DEPLOYMENT_TARGET = 14.0;
				MTL_ENABLE_DEBUG_INFO = NO;
				MTL_FAST_MATH = YES;
				SDKROOT = iphoneos;
				SWIFT_COMPILATION_MODE = wholemodule;
				SWIFT_OPTIMIZATION_LEVEL = "-O";
				VALIDATE_PRODUCT = YES;
			};
			name = Release;
		};
		71480C0425199AC30079A146 /* Debug */ = {
			isa = XCBuildConfiguration;
			buildSettings = {
				ASSETCATALOG_COMPILER_APPICON_NAME = AppIcon;
				ASSETCATALOG_COMPILER_GLOBAL_ACCENT_COLOR_NAME = AccentColor;
				CODE_SIGN_STYLE = Automatic;
				INFOPLIST_FILE = TableViewLab2/Info.plist;
				LD_RUNPATH_SEARCH_PATHS = (
					"$(inherited)",
					"@executable_path/Frameworks",
				);
				PRODUCT_BUNDLE_IDENTIFIER = iitu.TableViewLab2;
				PRODUCT_NAME = "$(TARGET_NAME)";
				SWIFT_VERSION = 5.0;
				TARGETED_DEVICE_FAMILY = "1,2";
			};
			name = Debug;
		};
		71480C0525199AC30079A146 /* Release */ = {
			isa = XCBuildConfiguration;
			buildSettings = {
				ASSETCATALOG_COMPILER_APPICON_NAME = AppIcon;
				ASSETCATALOG_COMPILER_GLOBAL_ACCENT_COLOR_NAME = AccentColor;
				CODE_SIGN_STYLE = Automatic;
				INFOPLIST_FILE = TableViewLab2/Info.plist;
				LD_RUNPATH_SEARCH_PATHS = (
					"$(inherited)",
					"@executable_path/Frameworks",
				);
				PRODUCT_BUNDLE_IDENTIFIER = iitu.TableViewLab2;
				PRODUCT_NAME = "$(TARGET_NAME)";
				SWIFT_VERSION = 5.0;
				TARGETED_DEVICE_FAMILY = "1,2";
			};
			name = Release;
		};
		71480C0725199AC30079A146 /* Debug */ = {
			isa = XCBuildConfiguration;
			buildSettings = {
				ALWAYS_EMBED_SWIFT_STANDARD_LIBRARIES = YES;
				BUNDLE_LOADER = "$(TEST_HOST)";
				CODE_SIGN_STYLE = Automatic;
				INFOPLIST_FILE = TableViewLab2Tests/Info.plist;
				IPHONEOS_DEPLOYMENT_TARGET = 14.0;
				LD_RUNPATH_SEARCH_PATHS = (
					"$(inherited)",
					"@executable_path/Frameworks",
					"@loader_path/Frameworks",
				);
				PRODUCT_BUNDLE_IDENTIFIER = iitu.TableViewLab2Tests;
				PRODUCT_NAME = "$(TARGET_NAME)";
				SWIFT_VERSION = 5.0;
				TARGETED_DEVICE_FAMILY = "1,2";
				TEST_HOST = "$(BUILT_PRODUCTS_DIR)/TableViewLab2.app/TableViewLab2";
			};
			name = Debug;
		};
		71480C0825199AC30079A146 /* Release */ = {
			isa = XCBuildConfiguration;
			buildSettings = {
				ALWAYS_EMBED_SWIFT_STANDARD_LIBRARIES = YES;
				BUNDLE_LOADER = "$(TEST_HOST)";
				CODE_SIGN_STYLE = Automatic;
				INFOPLIST_FILE = TableViewLab2Tests/Info.plist;
				IPHONEOS_DEPLOYMENT_TARGET = 14.0;
				LD_RUNPATH_SEARCH_PATHS = (
					"$(inherited)",
					"@executable_path/Frameworks",
					"@loader_path/Frameworks",
				);
				PRODUCT_BUNDLE_IDENTIFIER = iitu.TableViewLab2Tests;
				PRODUCT_NAME = "$(TARGET_NAME)";
				SWIFT_VERSION = 5.0;
				TARGETED_DEVICE_FAMILY = "1,2";
				TEST_HOST = "$(BUILT_PRODUCTS_DIR)/TableViewLab2.app/TableViewLab2";
			};
			name = Release;
		};
		71480C0A25199AC30079A146 /* Debug */ = {
			isa = XCBuildConfiguration;
			buildSettings = {
				ALWAYS_EMBED_SWIFT_STANDARD_LIBRARIES = YES;
				CODE_SIGN_STYLE = Automatic;
				INFOPLIST_FILE = TableViewLab2UITests/Info.plist;
				LD_RUNPATH_SEARCH_PATHS = (
					"$(inherited)",
					"@executable_path/Frameworks",
					"@loader_path/Frameworks",
				);
				PRODUCT_BUNDLE_IDENTIFIER = iitu.TableViewLab2UITests;
				PRODUCT_NAME = "$(TARGET_NAME)";
				SWIFT_VERSION = 5.0;
				TARGETED_DEVICE_FAMILY = "1,2";
				TEST_TARGET_NAME = TableViewLab2;
			};
			name = Debug;
		};
		71480C0B25199AC30079A146 /* Release */ = {
			isa = XCBuildConfiguration;
			buildSettings = {
				ALWAYS_EMBED_SWIFT_STANDARD_LIBRARIES = YES;
				CODE_SIGN_STYLE = Automatic;
				INFOPLIST_FILE = TableViewLab2UITests/Info.plist;
				LD_RUNPATH_SEARCH_PATHS = (
					"$(inherited)",
					"@executable_path/Frameworks",
					"@loader_path/Frameworks",
				);
				PRODUCT_BUNDLE_IDENTIFIER = iitu.TableViewLab2UITests;
				PRODUCT_NAME = "$(TARGET_NAME)";
				SWIFT_VERSION = 5.0;
				TARGETED_DEVICE_FAMILY = "1,2";
				TEST_TARGET_NAME = TableViewLab2;
			};
			name = Release;
		};
/* End XCBuildConfiguration section */

/* Begin XCConfigurationList section */
		71480BD425199AC20079A146 /* Build configuration list for PBXProject "TableViewLab2" */ = {
			isa = XCConfigurationList;
			buildConfigurations = (
				71480C0125199AC30079A146 /* Debug */,
				71480C0225199AC30079A146 /* Release */,
			);
			defaultConfigurationIsVisible = 0;
			defaultConfigurationName = Release;
		};
		71480C0325199AC30079A146 /* Build configuration list for PBXNativeTarget "TableViewLab2" */ = {
			isa = XCConfigurationList;
			buildConfigurations = (
				71480C0425199AC30079A146 /* Debug */,
				71480C0525199AC30079A146 /* Release */,
			);
			defaultConfigurationIsVisible = 0;
			defaultConfigurationName = Release;
		};
		71480C0625199AC30079A146 /* Build configuration list for PBXNativeTarget "TableViewLab2Tests" */ = {
			isa = XCConfigurationList;
			buildConfigurations = (
				71480C0725199AC30079A146 /* Debug */,
				71480C0825199AC30079A146 /* Release */,
			);
			defaultConfigurationIsVisible = 0;
			defaultConfigurationName = Release;
		};
		71480C0925199AC30079A146 /* Build configuration list for PBXNativeTarget "TableViewLab2UITests" */ = {
			isa = XCConfigurationList;
			buildConfigurations = (
				71480C0A25199AC30079A146 /* Debug */,
				71480C0B25199AC30079A146 /* Release */,
			);
			defaultConfigurationIsVisible = 0;
			defaultConfigurationName = Release;
		};
/* End XCConfigurationList section */
	};
	rootObject = 71480BD125199AC20079A146 /* Project object */;
}
